// !$*UTF8*$!
{
	archiveVersion = 1;
	classes = {
	};
	objectVersion = 46;
	objects = {

/* Begin PBXBuildFile section */
		7397FD941C9C782800AE0106 /* AppDelegate.swift in Sources */ = {isa = PBXBuildFile; fileRef = 7397FD931C9C782800AE0106 /* AppDelegate.swift */; };
		7397FD961C9C782800AE0106 /* ViewController.swift in Sources */ = {isa = PBXBuildFile; fileRef = 7397FD951C9C782800AE0106 /* ViewController.swift */; };
		7397FD991C9C782800AE0106 /* Main.storyboard in Resources */ = {isa = PBXBuildFile; fileRef = 7397FD971C9C782800AE0106 /* Main.storyboard */; };
		7397FD9B1C9C782800AE0106 /* Assets.xcassets in Resources */ = {isa = PBXBuildFile; fileRef = 7397FD9A1C9C782800AE0106 /* Assets.xcassets */; };
		7397FD9E1C9C782800AE0106 /* LaunchScreen.storyboard in Resources */ = {isa = PBXBuildFile; fileRef = 7397FD9C1C9C782800AE0106 /* LaunchScreen.storyboard */; };
		7397FDA81C9C7A1A00AE0106 /* SecondViewController.swift in Sources */ = {isa = PBXBuildFile; fileRef = 7397FDA71C9C7A1A00AE0106 /* SecondViewController.swift */; };
/* End PBXBuildFile section */

/* Begin PBXFileReference section */
		7397FD901C9C782800AE0106 /* secondkadai.app */ = {isa = PBXFileReference; explicitFileType = wrapper.application; includeInIndex = 0; path = secondkadai.app; sourceTree = BUILT_PRODUCTS_DIR; };
		7397FD931C9C782800AE0106 /* AppDelegate.swift */ = {isa = PBXFileReference; lastKnownFileType = sourcecode.swift; path = AppDelegate.swift; sourceTree = "<group>"; };
		7397FD951C9C782800AE0106 /* ViewController.swift */ = {isa = PBXFileReference; lastKnownFileType = sourcecode.swift; path = ViewController.swift; sourceTree = "<group>"; };
		7397FD981C9C782800AE0106 /* Base */ = {isa = PBXFileReference; lastKnownFileType = file.storyboard; name = Base; path = Base.lproj/Main.storyboard; sourceTree = "<group>"; };
		7397FD9A1C9C782800AE0106 /* Assets.xcassets */ = {isa = PBXFileReference; lastKnownFileType = folder.assetcatalog; path = Assets.xcassets; sourceTree = "<group>"; };
		7397FD9D1C9C782800AE0106 /* Base */ = {isa = PBXFileReference; lastKnownFileType = file.storyboard; name = Base; path = Base.lproj/LaunchScreen.storyboard; sourceTree = "<group>"; };
		7397FD9F1C9C782800AE0106 /* Info.plist */ = {isa = PBXFileReference; lastKnownFileType = text.plist.xml; path = Info.plist; sourceTree = "<group>"; };
		7397FDA71C9C7A1A00AE0106 /* SecondViewController.swift */ = {isa = PBXFileReference; fileEncoding = 4; lastKnownFileType = sourcecode.swift; name = SecondViewController.swift; path = ../SecondViewController.swift; sourceTree = "<group>"; };
/* End PBXFileReference section */

/* Begin PBXFrameworksBuildPhase section */
		7397FD8D1C9C782700AE0106 /* Frameworks */ = {
			isa = PBXFrameworksBuildPhase;
			buildActionMask = 2147483647;
			files = (
			);
			runOnlyForDeploymentPostprocessing = 0;
		};
/* End PBXFrameworksBuildPhase section */

/* Begin PBXGroup section */
		7397FD871C9C782700AE0106 = {
			isa = PBXGroup;
			children = (
				7397FD921C9C782800AE0106 /* secondkadai */,
				7397FD911C9C782800AE0106 /* Products */,
			);
			sourceTree = "<group>";
		};
		7397FD911C9C782800AE0106 /* Products */ = {
			isa = PBXGroup;
			children = (
				7397FD901C9C782800AE0106 /* secondkadai.app */,
			);
			name = Products;
			sourceTree = "<group>";
		};
		7397FD921C9C782800AE0106 /* secondkadai */ = {
			isa = PBXGroup;
			children = (
				7397FD931C9C782800AE0106 /* AppDelegate.swift */,
				7397FD951C9C782800AE0106 /* ViewController.swift */,
				7397FD971C9C782800AE0106 /* Main.storyboard */,
				7397FDA71C9C7A1A00AE0106 /* SecondViewController.swift */,
				7397FD9A1C9C782800AE0106 /* Assets.xcassets */,
				7397FD9C1C9C782800AE0106 /* LaunchScreen.storyboard */,
				7397FD9F1C9C782800AE0106 /* Info.plist */,
			);
			path = secondkadai;
			sourceTree = "<group>";
		};
/* End PBXGroup section */

/* Begin PBXNativeTarget section */
		7397FD8F1C9C782700AE0106 /* secondkadai */ = {
			isa = PBXNativeTarget;
			buildConfigurationList = 7397FDA21C9C782800AE0106 /* Build configuration list for PBXNativeTarget "secondkadai" */;
			buildPhases = (
				7397FD8C1C9C782700AE0106 /* Sources */,
				7397FD8D1C9C782700AE0106 /* Frameworks */,
				7397FD8E1C9C782700AE0106 /* Resources */,
			);
			buildRules = (
			);
			dependencies = (
			);
			name = secondkadai;
			productName = secondkadai;
			productReference = 7397FD901C9C782800AE0106 /* secondkadai.app */;
			productType = "com.apple.product-type.application";
		};
/* End PBXNativeTarget section */

/* Begin PBXProject section */
		7397FD881C9C782700AE0106 /* Project object */ = {
			isa = PBXProject;
			attributes = {
				LastSwiftUpdateCheck = 0720;
				LastUpgradeCheck = 0720;
				ORGANIZATIONNAME = taku.saito;
				TargetAttributes = {
					7397FD8F1C9C782700AE0106 = {
						CreatedOnToolsVersion = 7.2.1;
						DevelopmentTeam = NNWY7BLFLN;
					};
				};
			};
			buildConfigurationList = 7397FD8B1C9C782700AE0106 /* Build configuration list for PBXProject "secondkadai" */;
			compatibilityVersion = "Xcode 3.2";
			developmentRegion = English;
			hasScannedForEncodings = 0;
			knownRegions = (
				en,
				Base,
			);
			mainGroup = 7397FD871C9C782700AE0106;
			productRefGroup = 7397FD911C9C782800AE0106 /* Products */;
			projectDirPath = "";
			projectRoot = "";
			targets = (
				7397FD8F1C9C782700AE0106 /* secondkadai */,
			);
		};
/* End PBXProject section */

/* Begin PBXResourcesBuildPhase section */
		7397FD8E1C9C782700AE0106 /* Resources */ = {
			isa = PBXResourcesBuildPhase;
			buildActionMask = 2147483647;
			files = (
				7397FD9E1C9C782800AE0106 /* LaunchScreen.storyboard in Resources */,
				7397FD9B1C9C782800AE0106 /* Assets.xcassets in Resources */,
				7397FD991C9C782800AE0106 /* Main.storyboard in Resources */,
			);
			runOnlyForDeploymentPostprocessing = 0;
		};
/* End PBXResourcesBuildPhase section */

/* Begin PBXSourcesBuildPhase section */
		7397FD8C1C9C782700AE0106 /* Sources */ = {
			isa = PBXSourcesBuildPhase;
			buildActionMask = 2147483647;
			files = (
				7397FDA81C9C7A1A00AE0106 /* SecondViewController.swift in Sources */,
				7397FD961C9C782800AE0106 /* ViewController.swift in Sources */,
				7397FD941C9C782800AE0106 /* AppDelegate.swift in Sources */,
			);
			runOnlyForDeploymentPostprocessing = 0;
		};
/* End PBXSourcesBuildPhase section */

/* Begin PBXVariantGroup section */
		7397FD971C9C782800AE0106 /* Main.storyboard */ = {
			isa = PBXVariantGroup;
			children = (
				7397FD981C9C782800AE0106 /* Base */,
			);
			name = Main.storyboard;
			sourceTree = "<group>";
		};
		7397FD9C1C9C782800AE0106 /* LaunchScreen.storyboard */ = {
			isa = PBXVariantGroup;
			children = (
				7397FD9D1C9C782800AE0106 /* Base */,
			);
			name = LaunchScreen.storyboard;
			sourceTree = "<group>";
		};
/* End PBXVariantGroup section */

/* Begin XCBuildConfiguration section */
		7397FDA01C9C782800AE0106 /* Debug */ = {
			isa = XCBuildConfiguration;
			buildSettings = {
				ALWAYS_SEARCH_USER_PATHS = NO;
				CLANG_CXX_LANGUAGE_STANDARD = "gnu++0x";
				CLANG_CXX_LIBRARY = "libc++";
				CLANG_ENABLE_MODULES = YES;
				CLANG_ENABLE_OBJC_ARC = YES;
				CLANG_WARN_BOOL_CONVERSION = YES;
				CLANG_WARN_CONSTANT_CONVERSION = YES;
				CLANG_WARN_DIRECT_OBJC_ISA_USAGE = YES_ERROR;
				CLANG_WARN_EMPTY_BODY = YES;
				CLANG_WARN_ENUM_CONVERSION = YES;
				CLANG_WARN_INT_CONVERSION = YES;
				CLANG_WARN_OBJC_ROOT_CLASS = YES_ERROR;
				CLANG_WARN_UNREACHABLE_CODE = YES;
				CLANG_WARN__DUPLICATE_METHOD_MATCH = YES;
				"CODE_SIGN_IDENTITY[sdk=iphoneos*]" = "iPhone Developer";
				COPY_PHASE_STRIP = NO;
				DEBUG_INFORMATION_FORMAT = dwarf;
				ENABLE_STRICT_OBJC_MSGSEND = YES;
				ENABLE_TESTABILITY = YES;
				GCC_C_LANGUAGE_STANDARD = gnu99;
				GCC_DYNAMIC_NO_PIC = NO;
				GCC_NO_COMMON_BLOCKS = YES;
				GCC_OPTIMIZATION_LEVEL = 0;
				GCC_PREPROCESSOR_DEFINITIONS = (
					"DEBUG=1",
					"$(inherited)",
				);
				GCC_WARN_64_TO_32_BIT_CONVERSION = YES;
				GCC_WARN_ABOUT_RETURN_TYPE = YES_ERROR;
				GCC_WARN_UNDECLARED_SELECTOR = YES;
				GCC_WARN_UNINITIALIZED_AUTOS = YES_AGGRESSIVE;
				GCC_WARN_UNUSED_FUNCTION = YES;
				GCC_WARN_UNUSED_VARIABLE = YES;
				IPHONEOS_DEPLOYMENT_TARGET = 9.2;
				MTL_ENABLE_DEBUG_INFO = YES;
				ONLY_ACTIVE_ARCH = YES;
				SDKROOT = iphoneos;
				SWIFT_OPTIMIZATION_LEVEL = "-Onone";
			};
			name = Debug;
		};
		7397FDA11C9C782800AE0106 /* Release */ = {
			isa = XCBuildConfiguration;
			buildSettings = {
				ALWAYS_SEARCH_USER_PATHS = NO;
				CLANG_CXX_LANGUAGE_STANDARD = "gnu++0x";
				CLANG_CXX_LIBRARY = "libc++";
				CLANG_ENABLE_MODULES = YES;
				CLANG_ENABLE_OBJC_ARC = YES;
				CLANG_WARN_BOOL_CONVERSION = YES;
				CLANG_WARN_CONSTANT_CONVERSION = YES;
				CLANG_WARN_DIRECT_OBJC_ISA_USAGE = YES_ERROR;
				CLANG_WARN_EMPTY_BODY = YES;
				CLANG_WARN_ENUM_CONVERSION = YES;
				CLANG_WARN_INT_CONVERSION = YES;
				CLANG_WARN_OBJC_ROOT_CLASS = YES_ERROR;
				CLANG_WARN_UNREACHABLE_CODE = YES;
				CLANG_WARN__DUPLICATE_METHOD_MATCH = YES;
				"CODE_SIGN_IDENTITY[sdk=iphoneos*]" = "iPhone Developer";
				COPY_PHASE_STRIP = NO;
				DEBUG_INFORMATION_FORMAT = "dwarf-with-dsym";
				ENABLE_NS_ASSERTIONS = NO;
				ENABLE_STRICT_OBJC_MSGSEND = YES;
				GCC_C_LANGUAGE_STANDARD = gnu99;
				GCC_NO_COMMON_BLOCKS = YES;
				GCC_WARN_64_TO_32_BIT_CONVERSION = YES;
				GCC_WARN_ABOUT_RETURN_TYPE = YES_ERROR;
				GCC_WARN_UNDECLARED_SELECTOR = YES;
				GCC_WARN_UNINITIALIZED_AUTOS = YES_AGGRESSIVE;
				GCC_WARN_UNUSED_FUNCTION = YES;
				GCC_WARN_UNUSED_VARIABLE = YES;
				IPHONEOS_DEPLOYMENT_TARGET = 9.2;
				MTL_ENABLE_DEBUG_INFO = NO;
				SDKROOT = iphoneos;
				VALIDATE_PRODUCT = YES;
			};
			name = Release;
		};
		7397FDA31C9C782800AE0106 /* Debug */ = {
			isa = XCBuildConfiguration;
			buildSettings = {
				ASSETCATALOG_COMPILER_APPICON_NAME = AppIcon;
				INFOPLIST_FILE = secondkadai/Info.plist;
				LD_RUNPATH_SEARCH_PATHS = "$(inherited) @executable_path/Frameworks";
				PRODUCT_BUNDLE_IDENTIFIER = jp.tecacademy.taku.saito.secondkadai;
				PRODUCT_NAME = "$(TARGET_NAME)";
			};
			name = Debug;
		};
		7397FDA41C9C782800AE0106 /* Release */ = {
			isa = XCBuildConfiguration;
			buildSettings = {
				ASSETCATALOG_COMPILER_APPICON_NAME = AppIcon;
				INFOPLIST_FILE = secondkadai/Info.plist;
				LD_RUNPATH_SEARCH_PATHS = "$(inherited) @executable_path/Frameworks";
				PRODUCT_BUNDLE_IDENTIFIER = jp.tecacademy.taku.saito.secondkadai;
				PRODUCT_NAME = "$(TARGET_NAME)";
			};
			name = Release;
		};
/* End XCBuildConfiguration section */

/* Begin XCConfigurationList section */
		7397FD8B1C9C782700AE0106 /* Build configuration list for PBXProject "secondkadai" */ = {
			isa = XCConfigurationList;
			buildConfigurations = (
				7397FDA01C9C782800AE0106 /* Debug */,
				7397FDA11C9C782800AE0106 /* Release */,
			);
			defaultConfigurationIsVisible = 0;
			defaultConfigurationName = Release;
		};
		7397FDA21C9C782800AE0106 /* Build configuration list for PBXNativeTarget "secondkadai" */ = {
			isa = XCConfigurationList;
			buildConfigurations = (
				7397FDA31C9C782800AE0106 /* Debug */,
				7397FDA41C9C782800AE0106 /* Release */,
			);
			defaultConfigurationIsVisible = 0;
		};
/* End XCConfigurationList section */
	};
	rootObject = 7397FD881C9C782700AE0106 /* Project object */;
}
